
Microsoft Visual Studio Solution File, Format Version 12.00
# Visual Studio Version 16
VisualStudioVersion = 16.0.30503.244
MinimumVisualStudioVersion = 10.0.40219.1
Project("{FAE04EC0-301F-11D3-BF4B-00C04F79EFBC}") = "Amigos Api", "Amigos Api\Amigos Api.csproj", "{2B77ACC5-F9FC-457A-9889-A240905ECE69}"
EndProject
Project("{FAE04EC0-301F-11D3-BF4B-00C04F79EFBC}") = "Paises Api", "Paises Api\Paises Api.csproj", "{68EFEF12-7820-44AC-82FE-79D01169AA81}"
EndProject
Project("{FAE04EC0-301F-11D3-BF4B-00C04F79EFBC}") = "Mvc Consume", "Mvc Consume\Mvc Consume.csproj", "{A274322C-599D-4EB3-986D-18C93DF7FBFF}"
EndProject
Global
	GlobalSection(SolutionConfigurationPlatforms) = preSolution
		Debug|Any CPU = Debug|Any CPU
		Release|Any CPU = Release|Any CPU
	EndGlobalSection
	GlobalSection(ProjectConfigurationPlatforms) = postSolution
		{2B77ACC5-F9FC-457A-9889-A240905ECE69}.Debug|Any CPU.ActiveCfg = Debug|Any CPU
		{2B77ACC5-F9FC-457A-9889-A240905ECE69}.Debug|Any CPU.Build.0 = Debug|Any CPU
		{2B77ACC5-F9FC-457A-9889-A240905ECE69}.Release|Any CPU.ActiveCfg = Release|Any CPU
		{2B77ACC5-F9FC-457A-9889-A240905ECE69}.Release|Any CPU.Build.0 = Release|Any CPU
		{68EFEF12-7820-44AC-82FE-79D01169AA81}.Debug|Any CPU.ActiveCfg = Debug|Any CPU
		{68EFEF12-7820-44AC-82FE-79D01169AA81}.Debug|Any CPU.Build.0 = Debug|Any CPU
		{68EFEF12-7820-44AC-82FE-79D01169AA81}.Release|Any CPU.ActiveCfg = Release|Any CPU
		{68EFEF12-7820-44AC-82FE-79D01169AA81}.Release|Any CPU.Build.0 = Release|Any CPU
		{A274322C-599D-4EB3-986D-18C93DF7FBFF}.Debug|Any CPU.ActiveCfg = Debug|Any CPU
		{A274322C-599D-4EB3-986D-18C93DF7FBFF}.Debug|Any CPU.Build.0 = Debug|Any CPU
		{A274322C-599D-4EB3-986D-18C93DF7FBFF}.Release|Any CPU.ActiveCfg = Release|Any CPU
		{A274322C-599D-4EB3-986D-18C93DF7FBFF}.Release|Any CPU.Build.0 = Release|Any CPU
	EndGlobalSection
	GlobalSection(SolutionProperties) = preSolution
		HideSolutionNode = FALSE
	EndGlobalSection
	GlobalSection(ExtensibilityGlobals) = postSolution
		SolutionGuid = {633AFE7B-7D48-47A4-BA0C-D9D0242EF337}
	EndGlobalSection
EndGlobal
